// !$*UTF8*$!
{
	archiveVersion = 1;
	classes = {
	};
	objectVersion = 50;
	objects = {

/* Begin PBXBuildFile section */
		4E8A9A0E230E9F2800A90EC1 /* PoliceCharacter.swift in Sources */ = {isa = PBXBuildFile; fileRef = 4E8A9A0D230E9F2800A90EC1 /* PoliceCharacter.swift */; };
		4E8A9A10230EF1B900A90EC1 /* Police_attack.atlas in Resources */ = {isa = PBXBuildFile; fileRef = 4E8A9A0F230EF1B900A90EC1 /* Police_attack.atlas */; };
		4E8A9A12230EF54300A90EC1 /* Police_jump.atlas in Resources */ = {isa = PBXBuildFile; fileRef = 4E8A9A11230EF54300A90EC1 /* Police_jump.atlas */; };
		4E8A9A14230EF54900A90EC1 /* Police_run.atlas in Resources */ = {isa = PBXBuildFile; fileRef = 4E8A9A13230EF54900A90EC1 /* Police_run.atlas */; };
		4E8A9A16230FD2D500A90EC1 /* AudioModel.swift in Sources */ = {isa = PBXBuildFile; fileRef = 4E8A9A15230FD2D500A90EC1 /* AudioModel.swift */; };
		4E8A9A1A230FD46300A90EC1 /* Switch-Click.wav in Resources */ = {isa = PBXBuildFile; fileRef = 4E8A9A18230FD46300A90EC1 /* Switch-Click.wav */; };
		4E8A9A1B230FD46300A90EC1 /* Joy & Calm.m4a in Resources */ = {isa = PBXBuildFile; fileRef = 4E8A9A19230FD46300A90EC1 /* Joy & Calm.m4a */; };
		4EB4F10C230BF97300277C4A /* NinjaCat_attack_punch.atlas in Resources */ = {isa = PBXBuildFile; fileRef = 4EB4F10B230BF97300277C4A /* NinjaCat_attack_punch.atlas */; };
		4EB4F10E230BFAE600277C4A /* NinjaCat_walk.atlas in Resources */ = {isa = PBXBuildFile; fileRef = 4EB4F10D230BFAE600277C4A /* NinjaCat_walk.atlas */; };
		4EF8CEF3230BE3730095E044 /* AppDelegate.swift in Sources */ = {isa = PBXBuildFile; fileRef = 4EF8CEF2230BE3730095E044 /* AppDelegate.swift */; };
		4EF8CEF9230BE3730095E044 /* GameScene.swift in Sources */ = {isa = PBXBuildFile; fileRef = 4EF8CEF8230BE3730095E044 /* GameScene.swift */; };
		4EF8CEFB230BE3740095E044 /* GameViewController.swift in Sources */ = {isa = PBXBuildFile; fileRef = 4EF8CEFA230BE3740095E044 /* GameViewController.swift */; };
		4EF8CEFE230BE3740095E044 /* Main.storyboard in Resources */ = {isa = PBXBuildFile; fileRef = 4EF8CEFC230BE3740095E044 /* Main.storyboard */; };
		4EF8CF00230BE3740095E044 /* Assets.xcassets in Resources */ = {isa = PBXBuildFile; fileRef = 4EF8CEFF230BE3740095E044 /* Assets.xcassets */; };
		4EF8CF03230BE3740095E044 /* LaunchScreen.storyboard in Resources */ = {isa = PBXBuildFile; fileRef = 4EF8CF01230BE3740095E044 /* LaunchScreen.storyboard */; };
		4EF8CF0D230BEAAF0095E044 /* NinjaCat_attack_kick.atlas in Resources */ = {isa = PBXBuildFile; fileRef = 4EF8CF0C230BEAAF0095E044 /* NinjaCat_attack_kick.atlas */; };
/* End PBXBuildFile section */

/* Begin PBXFileReference section */
		4E8A9A0D230E9F2800A90EC1 /* PoliceCharacter.swift */ = {isa = PBXFileReference; lastKnownFileType = sourcecode.swift; path = PoliceCharacter.swift; sourceTree = "<group>"; };
		4E8A9A0F230EF1B900A90EC1 /* Police_attack.atlas */ = {isa = PBXFileReference; lastKnownFileType = folder.skatlas; path = Police_attack.atlas; sourceTree = "<group>"; };
		4E8A9A11230EF54300A90EC1 /* Police_jump.atlas */ = {isa = PBXFileReference; lastKnownFileType = folder.skatlas; path = Police_jump.atlas; sourceTree = "<group>"; };
		4E8A9A13230EF54900A90EC1 /* Police_run.atlas */ = {isa = PBXFileReference; lastKnownFileType = folder.skatlas; path = Police_run.atlas; sourceTree = "<group>"; };
		4E8A9A15230FD2D500A90EC1 /* AudioModel.swift */ = {isa = PBXFileReference; lastKnownFileType = sourcecode.swift; path = AudioModel.swift; sourceTree = "<group>"; };
		4E8A9A18230FD46300A90EC1 /* Switch-Click.wav */ = {isa = PBXFileReference; lastKnownFileType = audio.wav; path = "Switch-Click.wav"; sourceTree = "<group>"; };
		4E8A9A19230FD46300A90EC1 /* Joy & Calm.m4a */ = {isa = PBXFileReference; lastKnownFileType = file; path = "Joy & Calm.m4a"; sourceTree = "<group>"; };
		4EB4F10B230BF97300277C4A /* NinjaCat_attack_punch.atlas */ = {isa = PBXFileReference; lastKnownFileType = folder.skatlas; path = NinjaCat_attack_punch.atlas; sourceTree = "<group>"; };
		4EB4F10D230BFAE600277C4A /* NinjaCat_walk.atlas */ = {isa = PBXFileReference; lastKnownFileType = folder.skatlas; path = NinjaCat_walk.atlas; sourceTree = "<group>"; };
		4EF8CEEF230BE3730095E044 /* BelajarAnimasiDenganSpriteKit.app */ = {isa = PBXFileReference; explicitFileType = wrapper.application; includeInIndex = 0; path = BelajarAnimasiDenganSpriteKit.app; sourceTree = BUILT_PRODUCTS_DIR; };
		4EF8CEF2230BE3730095E044 /* AppDelegate.swift */ = {isa = PBXFileReference; lastKnownFileType = sourcecode.swift; path = AppDelegate.swift; sourceTree = "<group>"; };
		4EF8CEF8230BE3730095E044 /* GameScene.swift */ = {isa = PBXFileReference; lastKnownFileType = sourcecode.swift; path = GameScene.swift; sourceTree = "<group>"; };
		4EF8CEFA230BE3740095E044 /* GameViewController.swift */ = {isa = PBXFileReference; lastKnownFileType = sourcecode.swift; path = GameViewController.swift; sourceTree = "<group>"; };
		4EF8CEFD230BE3740095E044 /* Base */ = {isa = PBXFileReference; lastKnownFileType = file.storyboard; name = Base; path = Base.lproj/Main.storyboard; sourceTree = "<group>"; };
		4EF8CEFF230BE3740095E044 /* Assets.xcassets */ = {isa = PBXFileReference; lastKnownFileType = folder.assetcatalog; path = Assets.xcassets; sourceTree = "<group>"; };
		4EF8CF02230BE3740095E044 /* Base */ = {isa = PBXFileReference; lastKnownFileType = file.storyboard; name = Base; path = Base.lproj/LaunchScreen.storyboard; sourceTree = "<group>"; };
		4EF8CF04230BE3740095E044 /* Info.plist */ = {isa = PBXFileReference; lastKnownFileType = text.plist.xml; path = Info.plist; sourceTree = "<group>"; };
		4EF8CF0C230BEAAF0095E044 /* NinjaCat_attack_kick.atlas */ = {isa = PBXFileReference; lastKnownFileType = folder.skatlas; path = NinjaCat_attack_kick.atlas; sourceTree = "<group>"; };
/* End PBXFileReference section */

/* Begin PBXFrameworksBuildPhase section */
		4EF8CEEC230BE3730095E044 /* Frameworks */ = {
			isa = PBXFrameworksBuildPhase;
			buildActionMask = 2147483647;
			files = (
			);
			runOnlyForDeploymentPostprocessing = 0;
		};
/* End PBXFrameworksBuildPhase section */

/* Begin PBXGroup section */
		4E8A9A17230FD46300A90EC1 /* Sounds */ = {
			isa = PBXGroup;
			children = (
				4E8A9A18230FD46300A90EC1 /* Switch-Click.wav */,
				4E8A9A19230FD46300A90EC1 /* Joy & Calm.m4a */,
			);
			path = Sounds;
			sourceTree = "<group>";
		};
		4EF8CEE6230BE3730095E044 = {
			isa = PBXGroup;
			children = (
				4E8A9A0D230E9F2800A90EC1 /* PoliceCharacter.swift */,
				4E8A9A15230FD2D500A90EC1 /* AudioModel.swift */,
				4EF8CEF1230BE3730095E044 /* BelajarAnimasiDenganSpriteKit */,
				4EF8CEF0230BE3730095E044 /* Products */,
			);
			sourceTree = "<group>";
		};
		4EF8CEF0230BE3730095E044 /* Products */ = {
			isa = PBXGroup;
			children = (
				4EF8CEEF230BE3730095E044 /* BelajarAnimasiDenganSpriteKit.app */,
			);
			name = Products;
			sourceTree = "<group>";
		};
		4EF8CEF1230BE3730095E044 /* BelajarAnimasiDenganSpriteKit */ = {
			isa = PBXGroup;
			children = (
				4E8A9A17230FD46300A90EC1 /* Sounds */,
				4E8A9A13230EF54900A90EC1 /* Police_run.atlas */,
				4E8A9A11230EF54300A90EC1 /* Police_jump.atlas */,
				4E8A9A0F230EF1B900A90EC1 /* Police_attack.atlas */,
				4EB4F10D230BFAE600277C4A /* NinjaCat_walk.atlas */,
				4EB4F10B230BF97300277C4A /* NinjaCat_attack_punch.atlas */,
				4EF8CF0C230BEAAF0095E044 /* NinjaCat_attack_kick.atlas */,
				4EF8CEF2230BE3730095E044 /* AppDelegate.swift */,
				4EF8CEF8230BE3730095E044 /* GameScene.swift */,
				4EF8CEFA230BE3740095E044 /* GameViewController.swift */,
				4EF8CEFC230BE3740095E044 /* Main.storyboard */,
				4EF8CEFF230BE3740095E044 /* Assets.xcassets */,
				4EF8CF01230BE3740095E044 /* LaunchScreen.storyboard */,
				4EF8CF04230BE3740095E044 /* Info.plist */,
			);
			path = BelajarAnimasiDenganSpriteKit;
			sourceTree = "<group>";
		};
/* End PBXGroup section */

/* Begin PBXNativeTarget section */
		4EF8CEEE230BE3730095E044 /* BelajarAnimasiDenganSpriteKit */ = {
			isa = PBXNativeTarget;
			buildConfigurationList = 4EF8CF07230BE3740095E044 /* Build configuration list for PBXNativeTarget "BelajarAnimasiDenganSpriteKit" */;
			buildPhases = (
				4EF8CEEB230BE3730095E044 /* Sources */,
				4EF8CEEC230BE3730095E044 /* Frameworks */,
				4EF8CEED230BE3730095E044 /* Resources */,
			);
			buildRules = (
			);
			dependencies = (
			);
			name = BelajarAnimasiDenganSpriteKit;
			productName = BelajarAnimasiDenganSpriteKit;
			productReference = 4EF8CEEF230BE3730095E044 /* BelajarAnimasiDenganSpriteKit.app */;
			productType = "com.apple.product-type.application";
		};
/* End PBXNativeTarget section */

/* Begin PBXProject section */
		4EF8CEE7230BE3730095E044 /* Project object */ = {
			isa = PBXProject;
			attributes = {
				LastSwiftUpdateCheck = 1030;
				LastUpgradeCheck = 1030;
				ORGANIZATIONNAME = "Muhammad Rajab Priharsanto";
				TargetAttributes = {
					4EF8CEEE230BE3730095E044 = {
						CreatedOnToolsVersion = 10.3;
					};
				};
			};
			buildConfigurationList = 4EF8CEEA230BE3730095E044 /* Build configuration list for PBXProject "BelajarAnimasiDenganSpriteKit" */;
			compatibilityVersion = "Xcode 9.3";
			developmentRegion = en;
			hasScannedForEncodings = 0;
			knownRegions = (
				en,
				Base,
			);
			mainGroup = 4EF8CEE6230BE3730095E044;
			productRefGroup = 4EF8CEF0230BE3730095E044 /* Products */;
			projectDirPath = "";
			projectRoot = "";
			targets = (
				4EF8CEEE230BE3730095E044 /* BelajarAnimasiDenganSpriteKit */,
			);
		};
/* End PBXProject section */

/* Begin PBXResourcesBuildPhase section */
		4EF8CEED230BE3730095E044 /* Resources */ = {
			isa = PBXResourcesBuildPhase;
			buildActionMask = 2147483647;
			files = (
				4EF8CEFE230BE3740095E044 /* Main.storyboard in Resources */,
				4EF8CF00230BE3740095E044 /* Assets.xcassets in Resources */,
				4EB4F10E230BFAE600277C4A /* NinjaCat_walk.atlas in Resources */,
				4E8A9A12230EF54300A90EC1 /* Police_jump.atlas in Resources */,
				4E8A9A14230EF54900A90EC1 /* Police_run.atlas in Resources */,
				4EF8CF03230BE3740095E044 /* LaunchScreen.storyboard in Resources */,
				4E8A9A10230EF1B900A90EC1 /* Police_attack.atlas in Resources */,
				4EB4F10C230BF97300277C4A /* NinjaCat_attack_punch.atlas in Resources */,
				4E8A9A1B230FD46300A90EC1 /* Joy & Calm.m4a in Resources */,
				4EF8CF0D230BEAAF0095E044 /* NinjaCat_attack_kick.atlas in Resources */,
				4E8A9A1A230FD46300A90EC1 /* Switch-Click.wav in Resources */,
			);
			runOnlyForDeploymentPostprocessing = 0;
		};
/* End PBXResourcesBuildPhase section */

/* Begin PBXSourcesBuildPhase section */
		4EF8CEEB230BE3730095E044 /* Sources */ = {
			isa = PBXSourcesBuildPhase;
			buildActionMask = 2147483647;
			files = (
				4EF8CEF9230BE3730095E044 /* GameScene.swift in Sources */,
				4EF8CEFB230BE3740095E044 /* GameViewController.swift in Sources */,
				4EF8CEF3230BE3730095E044 /* AppDelegate.swift in Sources */,
				4E8A9A0E230E9F2800A90EC1 /* PoliceCharacter.swift in Sources */,
				4E8A9A16230FD2D500A90EC1 /* AudioModel.swift in Sources */,
			);
			runOnlyForDeploymentPostprocessing = 0;
		};
/* End PBXSourcesBuildPhase section */

/* Begin PBXVariantGroup section */
		4EF8CEFC230BE3740095E044 /* Main.storyboard */ = {
			isa = PBXVariantGroup;
			children = (
				4EF8CEFD230BE3740095E044 /* Base */,
			);
			name = Main.storyboard;
			sourceTree = "<group>";
		};
		4EF8CF01230BE3740095E044 /* LaunchScreen.storyboard */ = {
			isa = PBXVariantGroup;
			children = (
				4EF8CF02230BE3740095E044 /* Base */,
			);
			name = LaunchScreen.storyboard;
			sourceTree = "<group>";
		};
/* End PBXVariantGroup section */

/* Begin XCBuildConfiguration section */
		4EF8CF05230BE3740095E044 /* Debug */ = {
			isa = XCBuildConfiguration;
			buildSettings = {
				ALWAYS_SEARCH_USER_PATHS = NO;
				CLANG_ANALYZER_NONNULL = YES;
				CLANG_ANALYZER_NUMBER_OBJECT_CONVERSION = YES_AGGRESSIVE;
				CLANG_CXX_LANGUAGE_STANDARD = "gnu++14";
				CLANG_CXX_LIBRARY = "libc++";
				CLANG_ENABLE_MODULES = YES;
				CLANG_ENABLE_OBJC_ARC = YES;
				CLANG_ENABLE_OBJC_WEAK = YES;
				CLANG_WARN_BLOCK_CAPTURE_AUTORELEASING = YES;
				CLANG_WARN_BOOL_CONVERSION = YES;
				CLANG_WARN_COMMA = YES;
				CLANG_WARN_CONSTANT_CONVERSION = YES;
				CLANG_WARN_DEPRECATED_OBJC_IMPLEMENTATIONS = YES;
				CLANG_WARN_DIRECT_OBJC_ISA_USAGE = YES_ERROR;
				CLANG_WARN_DOCUMENTATION_COMMENTS = YES;
				CLANG_WARN_EMPTY_BODY = YES;
				CLANG_WARN_ENUM_CONVERSION = YES;
				CLANG_WARN_INFINITE_RECURSION = YES;
				CLANG_WARN_INT_CONVERSION = YES;
				CLANG_WARN_NON_LITERAL_NULL_CONVERSION = YES;
				CLANG_WARN_OBJC_IMPLICIT_RETAIN_SELF = YES;
				CLANG_WARN_OBJC_LITERAL_CONVERSION = YES;
				CLANG_WARN_OBJC_ROOT_CLASS = YES_ERROR;
				CLANG_WARN_RANGE_LOOP_ANALYSIS = YES;
				CLANG_WARN_STRICT_PROTOTYPES = YES;
				CLANG_WARN_SUSPICIOUS_MOVE = YES;
				CLANG_WARN_UNGUARDED_AVAILABILITY = YES_AGGRESSIVE;
				CLANG_WARN_UNREACHABLE_CODE = YES;
				CLANG_WARN__DUPLICATE_METHOD_MATCH = YES;
				CODE_SIGN_IDENTITY = "iPhone Developer";
				COPY_PHASE_STRIP = NO;
				DEBUG_INFORMATION_FORMAT = dwarf;
				ENABLE_STRICT_OBJC_MSGSEND = YES;
				ENABLE_TESTABILITY = YES;
				GCC_C_LANGUAGE_STANDARD = gnu11;
				GCC_DYNAMIC_NO_PIC = NO;
				GCC_NO_COMMON_BLOCKS = YES;
				GCC_OPTIMIZATION_LEVEL = 0;
				GCC_PREPROCESSOR_DEFINITIONS = (
					"DEBUG=1",
					"$(inherited)",
				);
				GCC_WARN_64_TO_32_BIT_CONVERSION = YES;
				GCC_WARN_ABOUT_RETURN_TYPE = YES_ERROR;
				GCC_WARN_UNDECLARED_SELECTOR = YES;
				GCC_WARN_UNINITIALIZED_AUTOS = YES_AGGRESSIVE;
				GCC_WARN_UNUSED_FUNCTION = YES;
				GCC_WARN_UNUSED_VARIABLE = YES;
				IPHONEOS_DEPLOYMENT_TARGET = 12.4;
				MTL_ENABLE_DEBUG_INFO = INCLUDE_SOURCE;
				MTL_FAST_MATH = YES;
				ONLY_ACTIVE_ARCH = YES;
				SDKROOT = iphoneos;
				SWIFT_ACTIVE_COMPILATION_CONDITIONS = DEBUG;
				SWIFT_OPTIMIZATION_LEVEL = "-Onone";
			};
			name = Debug;
		};
		4EF8CF06230BE3740095E044 /* Release */ = {
			isa = XCBuildConfiguration;
			buildSettings = {
				ALWAYS_SEARCH_USER_PATHS = NO;
				CLANG_ANALYZER_NONNULL = YES;
				CLANG_ANALYZER_NUMBER_OBJECT_CONVERSION = YES_AGGRESSIVE;
				CLANG_CXX_LANGUAGE_STANDARD = "gnu++14";
				CLANG_CXX_LIBRARY = "libc++";
				CLANG_ENABLE_MODULES = YES;
				CLANG_ENABLE_OBJC_ARC = YES;
				CLANG_ENABLE_OBJC_WEAK = YES;
				CLANG_WARN_BLOCK_CAPTURE_AUTORELEASING = YES;
				CLANG_WARN_BOOL_CONVERSION = YES;
				CLANG_WARN_COMMA = YES;
				CLANG_WARN_CONSTANT_CONVERSION = YES;
				CLANG_WARN_DEPRECATED_OBJC_IMPLEMENTATIONS = YES;
				CLANG_WARN_DIRECT_OBJC_ISA_USAGE = YES_ERROR;
				CLANG_WARN_DOCUMENTATION_COMMENTS = YES;
				CLANG_WARN_EMPTY_BODY = YES;
				CLANG_WARN_ENUM_CONVERSION = YES;
				CLANG_WARN_INFINITE_RECURSION = YES;
				CLANG_WARN_INT_CONVERSION = YES;
				CLANG_WARN_NON_LITERAL_NULL_CONVERSION = YES;
				CLANG_WARN_OBJC_IMPLICIT_RETAIN_SELF = YES;
				CLANG_WARN_OBJC_LITERAL_CONVERSION = YES;
				CLANG_WARN_OBJC_ROOT_CLASS = YES_ERROR;
				CLANG_WARN_RANGE_LOOP_ANALYSIS = YES;
				CLANG_WARN_STRICT_PROTOTYPES = YES;
				CLANG_WARN_SUSPICIOUS_MOVE = YES;
				CLANG_WARN_UNGUARDED_AVAILABILITY = YES_AGGRESSIVE;
				CLANG_WARN_UNREACHABLE_CODE = YES;
				CLANG_WARN__DUPLICATE_METHOD_MATCH = YES;
				CODE_SIGN_IDENTITY = "iPhone Developer";
				COPY_PHASE_STRIP = NO;
				DEBUG_INFORMATION_FORMAT = "dwarf-with-dsym";
				ENABLE_NS_ASSERTIONS = NO;
				ENABLE_STRICT_OBJC_MSGSEND = YES;
				GCC_C_LANGUAGE_STANDARD = gnu11;
				GCC_NO_COMMON_BLOCKS = YES;
				GCC_WARN_64_TO_32_BIT_CONVERSION = YES;
				GCC_WARN_ABOUT_RETURN_TYPE = YES_ERROR;
				GCC_WARN_UNDECLARED_SELECTOR = YES;
				GCC_WARN_UNINITIALIZED_AUTOS = YES_AGGRESSIVE;
				GCC_WARN_UNUSED_FUNCTION = YES;
				GCC_WARN_UNUSED_VARIABLE = YES;
				IPHONEOS_DEPLOYMENT_TARGET = 12.4;
				MTL_ENABLE_DEBUG_INFO = NO;
				MTL_FAST_MATH = YES;
				SDKROOT = iphoneos;
				SWIFT_COMPILATION_MODE = wholemodule;
				SWIFT_OPTIMIZATION_LEVEL = "-O";
				VALIDATE_PRODUCT = YES;
			};
			name = Release;
		};
		4EF8CF08230BE3740095E044 /* Debug */ = {
			isa = XCBuildConfiguration;
			buildSettings = {
				ASSETCATALOG_COMPILER_APPICON_NAME = AppIcon;
				CODE_SIGN_STYLE = Automatic;
				DEVELOPMENT_TEAM = 85YSJX97S8;
				INFOPLIST_FILE = BelajarAnimasiDenganSpriteKit/Info.plist;
				IPHONEOS_DEPLOYMENT_TARGET = 12.0;
				LD_RUNPATH_SEARCH_PATHS = (
					"$(inherited)",
					"@executable_path/Frameworks",
				);
				PRODUCT_BUNDLE_IDENTIFIER = com.MuhammadRajab.BelajarAnimasiDenganSpriteKit;
				PRODUCT_NAME = "$(TARGET_NAME)";
				SWIFT_VERSION = 5.0;
				TARGETED_DEVICE_FAMILY = "1,2";
			};
			name = Debug;
		};
		4EF8CF09230BE3740095E044 /* Release */ = {
			isa = XCBuildConfiguration;
			buildSettings = {
				ASSETCATALOG_COMPILER_APPICON_NAME = AppIcon;
				CODE_SIGN_STYLE = Automatic;
				DEVELOPMENT_TEAM = 85YSJX97S8;
				INFOPLIST_FILE = BelajarAnimasiDenganSpriteKit/Info.plist;
				IPHONEOS_DEPLOYMENT_TARGET = 12.0;
				LD_RUNPATH_SEARCH_PATHS = (
					"$(inherited)",
					"@executable_path/Frameworks",
				);
				PRODUCT_BUNDLE_IDENTIFIER = com.MuhammadRajab.BelajarAnimasiDenganSpriteKit;
				PRODUCT_NAME = "$(TARGET_NAME)";
				SWIFT_VERSION = 5.0;
				TARGETED_DEVICE_FAMILY = "1,2";
			};
			name = Release;
		};
/* End XCBuildConfiguration section */

/* Begin XCConfigurationList section */
		4EF8CEEA230BE3730095E044 /* Build configuration list for PBXProject "BelajarAnimasiDenganSpriteKit" */ = {
			isa = XCConfigurationList;
			buildConfigurations = (
				4EF8CF05230BE3740095E044 /* Debug */,
				4EF8CF06230BE3740095E044 /* Release */,
			);
			defaultConfigurationIsVisible = 0;
			defaultConfigurationName = Release;
		};
		4EF8CF07230BE3740095E044 /* Build configuration list for PBXNativeTarget "BelajarAnimasiDenganSpriteKit" */ = {
			isa = XCConfigurationList;
			buildConfigurations = (
				4EF8CF08230BE3740095E044 /* Debug */,
				4EF8CF09230BE3740095E044 /* Release */,
			);
			defaultConfigurationIsVisible = 0;
			defaultConfigurationName = Release;
		};
/* End XCConfigurationList section */
	};
	rootObject = 4EF8CEE7230BE3730095E044 /* Project object */;
}
